{
  "name": "@k-int/bienenvolk-bruno-collection",
  "version": "1.0.0",
  "lockfileVersion": 3,
  "requires": true,
  "packages": {
    "": {
      "name": "@k-int/bienenvolk-bruno-collection",
      "version": "1.0.0",
      "dependencies": {
        "@k-int/bruno-shared-scripts": "^1.0.0"
      }
    },
    "node_modules/@k-int/bruno-shared-scripts": {
      "version": "1.0.0",
      "resolved": "https://registry.npmjs.org/@k-int/bruno-shared-scripts/-/bruno-shared-scripts-1.0.0.tgz",
      "integrity": "sha512-TNJ7KdxLy3OWbZttQ+dowYSRAO9gF1e46b+Wyg0ixOMXAys8nrcdcGPF787tp0+2zc/xvnrRgue9ggqCkuusHQ=="
    }
  }
}
