{
  "name": "bienenvolk-collection",
  "version": "1.0.0",
  "lockfileVersion": 3,
  "requires": true,
  "packages": {
    "": {
      "name": "bienenvolk-collection",
      "version": "1.0.0",
      "dependencies": {
        "@kint/bruno_shared_scripts": "../bruno_shared_scripts"
      }
    },
    "../bruno_shared_scripts": {
      "name": "@kint/bruno_shared_scripts",
      "version": "1.0.0",
      "devDependencies": {
        "esbuild": "0.23.0"
      }
    },
    "../bruno_shared_scripts/index.js": {
      "extraneous": true
    },
    "node_modules/@kint/bruno_shared_scripts": {
      "resolved": "../bruno_shared_scripts",
      "link": true
    }
  }
}
